
Microsoft Visual Studio Solution File, Format Version 12.00
# Visual Studio Version 16
VisualStudioVersion = 16.0.31205.134
MinimumVisualStudioVersion = 10.0.40219.1
Project("{FAE04EC0-301F-11D3-BF4B-00C04F79EFBC}") = "Aduana Gana", "Aduana Gana\Aduana Gana.csproj", "{81F18AD6-6BE9-4044-B906-8CF49EE60F77}"
EndProject
Global
	GlobalSection(SolutionConfigurationPlatforms) = preSolution
		Debug|Any CPU = Debug|Any CPU
		Release|Any CPU = Release|Any CPU
	EndGlobalSection
	GlobalSection(ProjectConfigurationPlatforms) = postSolution
		{81F18AD6-6BE9-4044-B906-8CF49EE60F77}.Debug|Any CPU.ActiveCfg = Debug|Any CPU
		{81F18AD6-6BE9-4044-B906-8CF49EE60F77}.Debug|Any CPU.Build.0 = Debug|Any CPU
		{81F18AD6-6BE9-4044-B906-8CF49EE60F77}.Release|Any CPU.ActiveCfg = Release|Any CPU
		{81F18AD6-6BE9-4044-B906-8CF49EE60F77}.Release|Any CPU.Build.0 = Release|Any CPU
	EndGlobalSection
	GlobalSection(SolutionProperties) = preSolution
		HideSolutionNode = FALSE
	EndGlobalSection
	GlobalSection(ExtensibilityGlobals) = postSolution
		SolutionGuid = {1FE13E6F-4485-4123-8169-C89BB976E447}
	EndGlobalSection
EndGlobal
